
Microsoft Visual Studio Solution File, Format Version 12.00
# Visual Studio 2013
VisualStudioVersion = 12.0.31101.0
MinimumVisualStudioVersion = 10.0.40219.1
Project("{FAE04EC0-301F-11D3-BF4B-00C04F79EFBC}") = "MVC_Router", "MVC_Router\MVC_Router.csproj", "{B420B171-C987-4989-94FD-7D6337C6B3DF}"
EndProject
Project("{2150E333-8FDC-42A3-9474-1A3956D46DE8}") = ".nuget", ".nuget", "{348736DC-89FF-4BDF-810E-97135D35F11B}"
	ProjectSection(SolutionItems) = preProject
		.nuget\NuGet.Config = .nuget\NuGet.Config
		.nuget\NuGet.exe = .nuget\NuGet.exe
		.nuget\NuGet.targets = .nuget\NuGet.targets
	EndProjectSection
EndProject
Global
	GlobalSection(SolutionConfigurationPlatforms) = preSolution
		Debug|Any CPU = Debug|Any CPU
		Release|Any CPU = Release|Any CPU
	EndGlobalSection
	GlobalSection(ProjectConfigurationPlatforms) = postSolution
		{B420B171-C987-4989-94FD-7D6337C6B3DF}.Debug|Any CPU.ActiveCfg = Debug|Any CPU
		{B420B171-C987-4989-94FD-7D6337C6B3DF}.Debug|Any CPU.Build.0 = Debug|Any CPU
		{B420B171-C987-4989-94FD-7D6337C6B3DF}.Release|Any CPU.ActiveCfg = Release|Any CPU
		{B420B171-C987-4989-94FD-7D6337C6B3DF}.Release|Any CPU.Build.0 = Release|Any CPU
	EndGlobalSection
	GlobalSection(SolutionProperties) = preSolution
		HideSolutionNode = FALSE
	EndGlobalSection
EndGlobal
